// !$*UTF8*$!
{
	archiveVersion = 1;
	classes = {
	};
	objectVersion = 56;
	objects = {

/* Begin PBXBuildFile section */
		EC41AC8529E817120037C8F2 /* SurveyOneView.swift in Sources */ = {isa = PBXBuildFile; fileRef = EC41AC8429E817120037C8F2 /* SurveyOneView.swift */; };
		EC41AC8729E817780037C8F2 /* SurveyTwoView.swift in Sources */ = {isa = PBXBuildFile; fileRef = EC41AC8629E817780037C8F2 /* SurveyTwoView.swift */; };
		EC41AC8929E817A30037C8F2 /* SurveyThreeView.swift in Sources */ = {isa = PBXBuildFile; fileRef = EC41AC8829E817A30037C8F2 /* SurveyThreeView.swift */; };
		EC41AC8B29E817C00037C8F2 /* PlaterView.swift in Sources */ = {isa = PBXBuildFile; fileRef = EC41AC8A29E817C00037C8F2 /* PlaterView.swift */; };
		EC41AC8D29E8F4B70037C8F2 /* TabBarView.swift in Sources */ = {isa = PBXBuildFile; fileRef = EC41AC8C29E8F4B70037C8F2 /* TabBarView.swift */; };
		EC41AC8F29E8F4D50037C8F2 /* CalendarView.swift in Sources */ = {isa = PBXBuildFile; fileRef = EC41AC8E29E8F4D50037C8F2 /* CalendarView.swift */; };
		EC41AC9129E8F4DF0037C8F2 /* ProfileView.swift in Sources */ = {isa = PBXBuildFile; fileRef = EC41AC9029E8F4DF0037C8F2 /* ProfileView.swift */; };
		EC98C74729E555D500548A68 /* TabView.swift in Sources */ = {isa = PBXBuildFile; fileRef = EC98C74629E555D500548A68 /* TabView.swift */; };
		EC98C74929E56FAD00548A68 /* VideoPlayerCobaCoba.swift in Sources */ = {isa = PBXBuildFile; fileRef = EC98C74829E56FAD00548A68 /* VideoPlayerCobaCoba.swift */; };
		EC98C74B29E6C0F600548A68 /* ProgressBarView.swift in Sources */ = {isa = PBXBuildFile; fileRef = EC98C74A29E6C0F600548A68 /* ProgressBarView.swift */; };
		ECDDE55D29D6899000A594B9 /* StartwithSwiftUIApp.swift in Sources */ = {isa = PBXBuildFile; fileRef = ECDDE55C29D6899000A594B9 /* StartwithSwiftUIApp.swift */; };
		ECDDE55F29D6899000A594B9 /* ContentView.swift in Sources */ = {isa = PBXBuildFile; fileRef = ECDDE55E29D6899000A594B9 /* ContentView.swift */; };
		ECDDE56129D6899200A594B9 /* Assets.xcassets in Resources */ = {isa = PBXBuildFile; fileRef = ECDDE56029D6899200A594B9 /* Assets.xcassets */; };
		ECDDE56429D6899200A594B9 /* Preview Assets.xcassets in Resources */ = {isa = PBXBuildFile; fileRef = ECDDE56329D6899200A594B9 /* Preview Assets.xcassets */; };
		ECDDE56D29D68BA700A594B9 /* HistoryView.swift in Sources */ = {isa = PBXBuildFile; fileRef = ECDDE56C29D68BA700A594B9 /* HistoryView.swift */; };
		ECDDE56F29D69A7800A594B9 /* RegisterPage.swift in Sources */ = {isa = PBXBuildFile; fileRef = ECDDE56E29D69A7800A594B9 /* RegisterPage.swift */; };
		ECDDE57129D69BEE00A594B9 /* CalculatorView.swift in Sources */ = {isa = PBXBuildFile; fileRef = ECDDE57029D69BEE00A594B9 /* CalculatorView.swift */; };
		ECDDE57329D6BB7200A594B9 /* Test.swift in Sources */ = {isa = PBXBuildFile; fileRef = ECDDE57229D6BB7200A594B9 /* Test.swift */; };
		ECDDE57529D6ED8700A594B9 /* DropdownView.swift in Sources */ = {isa = PBXBuildFile; fileRef = ECDDE57429D6ED8700A594B9 /* DropdownView.swift */; };
		ECDDE57929DAE49000A594B9 /* DOBPicker.swift in Sources */ = {isa = PBXBuildFile; fileRef = ECDDE57829DAE49000A594B9 /* DOBPicker.swift */; };
		ECDDE57B29DAE93700A594B9 /* InsightView.swift in Sources */ = {isa = PBXBuildFile; fileRef = ECDDE57A29DAE93700A594B9 /* InsightView.swift */; };
		ECDDE57D29DAE96F00A594B9 /* ProgressBar.swift in Sources */ = {isa = PBXBuildFile; fileRef = ECDDE57C29DAE96F00A594B9 /* ProgressBar.swift */; };
		ECDDE58029DED0F000A594B9 /* SwiftUIView.swift in Sources */ = {isa = PBXBuildFile; fileRef = ECDDE57F29DED0F000A594B9 /* SwiftUIView.swift */; };
		ECDDE58229DEDCC300A594B9 /* VideoPlayerView.swift in Sources */ = {isa = PBXBuildFile; fileRef = ECDDE58129DEDCC300A594B9 /* VideoPlayerView.swift */; };
		ECDDE58429E0374400A594B9 /* SwiftfulThinking.swift in Sources */ = {isa = PBXBuildFile; fileRef = ECDDE58329E0374400A594B9 /* SwiftfulThinking.swift */; };
		ECEBB15829E7974700C8C280 /* ArrayBootcamp.swift in Sources */ = {isa = PBXBuildFile; fileRef = ECEBB15729E7974700C8C280 /* ArrayBootcamp.swift */; };
		ECEBB15A29E797CA00C8C280 /* RoutineData.swift in Sources */ = {isa = PBXBuildFile; fileRef = ECEBB15929E797CA00C8C280 /* RoutineData.swift */; };
		ECEBB15C29E7A51600C8C280 /* DashBoardView.swift in Sources */ = {isa = PBXBuildFile; fileRef = ECEBB15B29E7A51600C8C280 /* DashBoardView.swift */; };
/* End PBXBuildFile section */

/* Begin PBXFileReference section */
		EC41AC8429E817120037C8F2 /* SurveyOneView.swift */ = {isa = PBXFileReference; lastKnownFileType = sourcecode.swift; path = SurveyOneView.swift; sourceTree = "<group>"; };
		EC41AC8629E817780037C8F2 /* SurveyTwoView.swift */ = {isa = PBXFileReference; lastKnownFileType = sourcecode.swift; path = SurveyTwoView.swift; sourceTree = "<group>"; };
		EC41AC8829E817A30037C8F2 /* SurveyThreeView.swift */ = {isa = PBXFileReference; lastKnownFileType = sourcecode.swift; path = SurveyThreeView.swift; sourceTree = "<group>"; };
		EC41AC8A29E817C00037C8F2 /* PlaterView.swift */ = {isa = PBXFileReference; lastKnownFileType = sourcecode.swift; path = PlaterView.swift; sourceTree = "<group>"; };
		EC41AC8C29E8F4B70037C8F2 /* TabBarView.swift */ = {isa = PBXFileReference; lastKnownFileType = sourcecode.swift; path = TabBarView.swift; sourceTree = "<group>"; };
		EC41AC8E29E8F4D50037C8F2 /* CalendarView.swift */ = {isa = PBXFileReference; lastKnownFileType = sourcecode.swift; path = CalendarView.swift; sourceTree = "<group>"; };
		EC41AC9029E8F4DF0037C8F2 /* ProfileView.swift */ = {isa = PBXFileReference; lastKnownFileType = sourcecode.swift; path = ProfileView.swift; sourceTree = "<group>"; };
		EC98C74629E555D500548A68 /* TabView.swift */ = {isa = PBXFileReference; lastKnownFileType = sourcecode.swift; path = TabView.swift; sourceTree = "<group>"; };
		EC98C74829E56FAD00548A68 /* VideoPlayerCobaCoba.swift */ = {isa = PBXFileReference; lastKnownFileType = sourcecode.swift; path = VideoPlayerCobaCoba.swift; sourceTree = "<group>"; };
		EC98C74A29E6C0F600548A68 /* ProgressBarView.swift */ = {isa = PBXFileReference; lastKnownFileType = sourcecode.swift; path = ProgressBarView.swift; sourceTree = "<group>"; };
		ECDDE55929D6899000A594B9 /* StartwithSwiftUI.app */ = {isa = PBXFileReference; explicitFileType = wrapper.application; includeInIndex = 0; path = StartwithSwiftUI.app; sourceTree = BUILT_PRODUCTS_DIR; };
		ECDDE55C29D6899000A594B9 /* StartwithSwiftUIApp.swift */ = {isa = PBXFileReference; lastKnownFileType = sourcecode.swift; path = StartwithSwiftUIApp.swift; sourceTree = "<group>"; };
		ECDDE55E29D6899000A594B9 /* ContentView.swift */ = {isa = PBXFileReference; lastKnownFileType = sourcecode.swift; path = ContentView.swift; sourceTree = "<group>"; };
		ECDDE56029D6899200A594B9 /* Assets.xcassets */ = {isa = PBXFileReference; lastKnownFileType = folder.assetcatalog; path = Assets.xcassets; sourceTree = "<group>"; };
		ECDDE56329D6899200A594B9 /* Preview Assets.xcassets */ = {isa = PBXFileReference; lastKnownFileType = folder.assetcatalog; path = "Preview Assets.xcassets"; sourceTree = "<group>"; };
		ECDDE56C29D68BA700A594B9 /* HistoryView.swift */ = {isa = PBXFileReference; lastKnownFileType = sourcecode.swift; path = HistoryView.swift; sourceTree = "<group>"; };
		ECDDE56E29D69A7800A594B9 /* RegisterPage.swift */ = {isa = PBXFileReference; lastKnownFileType = sourcecode.swift; path = RegisterPage.swift; sourceTree = "<group>"; };
		ECDDE57029D69BEE00A594B9 /* CalculatorView.swift */ = {isa = PBXFileReference; lastKnownFileType = sourcecode.swift; path = CalculatorView.swift; sourceTree = "<group>"; };
		ECDDE57229D6BB7200A594B9 /* Test.swift */ = {isa = PBXFileReference; lastKnownFileType = sourcecode.swift; path = Test.swift; sourceTree = "<group>"; };
		ECDDE57429D6ED8700A594B9 /* DropdownView.swift */ = {isa = PBXFileReference; lastKnownFileType = sourcecode.swift; path = DropdownView.swift; sourceTree = "<group>"; };
		ECDDE57829DAE49000A594B9 /* DOBPicker.swift */ = {isa = PBXFileReference; lastKnownFileType = sourcecode.swift; path = DOBPicker.swift; sourceTree = "<group>"; };
		ECDDE57A29DAE93700A594B9 /* InsightView.swift */ = {isa = PBXFileReference; lastKnownFileType = sourcecode.swift; path = InsightView.swift; sourceTree = "<group>"; };
		ECDDE57C29DAE96F00A594B9 /* ProgressBar.swift */ = {isa = PBXFileReference; lastKnownFileType = sourcecode.swift; path = ProgressBar.swift; sourceTree = "<group>"; };
		ECDDE57E29DD443C00A594B9 /* MyPlayground.playground */ = {isa = PBXFileReference; lastKnownFileType = file.playground; path = MyPlayground.playground; sourceTree = "<group>"; xcLanguageSpecificationIdentifier = xcode.lang.swift; };
		ECDDE57F29DED0F000A594B9 /* SwiftUIView.swift */ = {isa = PBXFileReference; lastKnownFileType = sourcecode.swift; path = SwiftUIView.swift; sourceTree = "<group>"; };
		ECDDE58129DEDCC300A594B9 /* VideoPlayerView.swift */ = {isa = PBXFileReference; lastKnownFileType = sourcecode.swift; path = VideoPlayerView.swift; sourceTree = "<group>"; };
		ECDDE58329E0374400A594B9 /* SwiftfulThinking.swift */ = {isa = PBXFileReference; lastKnownFileType = sourcecode.swift; path = SwiftfulThinking.swift; sourceTree = "<group>"; };
		ECEBB15729E7974700C8C280 /* ArrayBootcamp.swift */ = {isa = PBXFileReference; lastKnownFileType = sourcecode.swift; name = ArrayBootcamp.swift; path = ../../../ArrayBootcamp.swift; sourceTree = "<group>"; };
		ECEBB15929E797CA00C8C280 /* RoutineData.swift */ = {isa = PBXFileReference; lastKnownFileType = sourcecode.swift; path = RoutineData.swift; sourceTree = "<group>"; };
		ECEBB15B29E7A51600C8C280 /* DashBoardView.swift */ = {isa = PBXFileReference; lastKnownFileType = sourcecode.swift; path = DashBoardView.swift; sourceTree = "<group>"; };
/* End PBXFileReference section */

/* Begin PBXFrameworksBuildPhase section */
		ECDDE55629D6899000A594B9 /* Frameworks */ = {
			isa = PBXFrameworksBuildPhase;
			buildActionMask = 2147483647;
			files = (
			);
			runOnlyForDeploymentPostprocessing = 0;
		};
/* End PBXFrameworksBuildPhase section */

/* Begin PBXGroup section */
		ECDDE55029D6899000A594B9 = {
			isa = PBXGroup;
			children = (
				EC98C74629E555D500548A68 /* TabView.swift */,
				ECDDE57829DAE49000A594B9 /* DOBPicker.swift */,
				ECDDE57429D6ED8700A594B9 /* DropdownView.swift */,
				ECEBB15B29E7A51600C8C280 /* DashBoardView.swift */,
				ECDDE57F29DED0F000A594B9 /* SwiftUIView.swift */,
				EC41AC8429E817120037C8F2 /* SurveyOneView.swift */,
				EC41AC8629E817780037C8F2 /* SurveyTwoView.swift */,
				EC41AC8829E817A30037C8F2 /* SurveyThreeView.swift */,
				EC41AC8A29E817C00037C8F2 /* PlaterView.swift */,
				ECEBB15929E797CA00C8C280 /* RoutineData.swift */,
				ECDDE58129DEDCC300A594B9 /* VideoPlayerView.swift */,
				EC98C74A29E6C0F600548A68 /* ProgressBarView.swift */,
				EC98C74829E56FAD00548A68 /* VideoPlayerCobaCoba.swift */,
				ECDDE58329E0374400A594B9 /* SwiftfulThinking.swift */,
				ECDDE55B29D6899000A594B9 /* StartwithSwiftUI */,
				ECDDE55A29D6899000A594B9 /* Products */,
			);
			sourceTree = "<group>";
		};
		ECDDE55A29D6899000A594B9 /* Products */ = {
			isa = PBXGroup;
			children = (
				ECDDE55929D6899000A594B9 /* StartwithSwiftUI.app */,
			);
			name = Products;
			sourceTree = "<group>";
		};
		ECDDE55B29D6899000A594B9 /* StartwithSwiftUI */ = {
			isa = PBXGroup;
			children = (
				ECEBB15729E7974700C8C280 /* ArrayBootcamp.swift */,
				ECDDE55C29D6899000A594B9 /* StartwithSwiftUIApp.swift */,
				ECDDE55E29D6899000A594B9 /* ContentView.swift */,
				EC41AC8C29E8F4B70037C8F2 /* TabBarView.swift */,
				EC41AC8E29E8F4D50037C8F2 /* CalendarView.swift */,
				EC41AC9029E8F4DF0037C8F2 /* ProfileView.swift */,
				ECDDE56E29D69A7800A594B9 /* RegisterPage.swift */,
				ECDDE57A29DAE93700A594B9 /* InsightView.swift */,
				ECDDE57C29DAE96F00A594B9 /* ProgressBar.swift */,
				ECDDE57229D6BB7200A594B9 /* Test.swift */,
				ECDDE56C29D68BA700A594B9 /* HistoryView.swift */,
				ECDDE57029D69BEE00A594B9 /* CalculatorView.swift */,
				ECDDE57E29DD443C00A594B9 /* MyPlayground.playground */,
				ECDDE56029D6899200A594B9 /* Assets.xcassets */,
				ECDDE56229D6899200A594B9 /* Preview Content */,
			);
			path = StartwithSwiftUI;
			sourceTree = "<group>";
		};
		ECDDE56229D6899200A594B9 /* Preview Content */ = {
			isa = PBXGroup;
			children = (
				ECDDE56329D6899200A594B9 /* Preview Assets.xcassets */,
			);
			path = "Preview Content";
			sourceTree = "<group>";
		};
/* End PBXGroup section */

/* Begin PBXNativeTarget section */
		ECDDE55829D6899000A594B9 /* StartwithSwiftUI */ = {
			isa = PBXNativeTarget;
			buildConfigurationList = ECDDE56729D6899200A594B9 /* Build configuration list for PBXNativeTarget "StartwithSwiftUI" */;
			buildPhases = (
				ECDDE55529D6899000A594B9 /* Sources */,
				ECDDE55629D6899000A594B9 /* Frameworks */,
				ECDDE55729D6899000A594B9 /* Resources */,
			);
			buildRules = (
			);
			dependencies = (
			);
			name = StartwithSwiftUI;
			productName = StartwithSwiftUI;
			productReference = ECDDE55929D6899000A594B9 /* StartwithSwiftUI.app */;
			productType = "com.apple.product-type.application";
		};
/* End PBXNativeTarget section */

/* Begin PBXProject section */
		ECDDE55129D6899000A594B9 /* Project object */ = {
			isa = PBXProject;
			attributes = {
				BuildIndependentTargetsInParallel = 1;
				LastSwiftUpdateCheck = 1420;
				LastUpgradeCheck = 1420;
				TargetAttributes = {
					ECDDE55829D6899000A594B9 = {
						CreatedOnToolsVersion = 14.2;
					};
				};
			};
			buildConfigurationList = ECDDE55429D6899000A594B9 /* Build configuration list for PBXProject "StartwithSwiftUI" */;
			compatibilityVersion = "Xcode 14.0";
			developmentRegion = en;
			hasScannedForEncodings = 0;
			knownRegions = (
				en,
				Base,
			);
			mainGroup = ECDDE55029D6899000A594B9;
			productRefGroup = ECDDE55A29D6899000A594B9 /* Products */;
			projectDirPath = "";
			projectRoot = "";
			targets = (
				ECDDE55829D6899000A594B9 /* StartwithSwiftUI */,
			);
		};
/* End PBXProject section */

/* Begin PBXResourcesBuildPhase section */
		ECDDE55729D6899000A594B9 /* Resources */ = {
			isa = PBXResourcesBuildPhase;
			buildActionMask = 2147483647;
			files = (
				ECDDE56429D6899200A594B9 /* Preview Assets.xcassets in Resources */,
				ECDDE56129D6899200A594B9 /* Assets.xcassets in Resources */,
			);
			runOnlyForDeploymentPostprocessing = 0;
		};
/* End PBXResourcesBuildPhase section */

/* Begin PBXSourcesBuildPhase section */
		ECDDE55529D6899000A594B9 /* Sources */ = {
			isa = PBXSourcesBuildPhase;
			buildActionMask = 2147483647;
			files = (
				ECDDE57B29DAE93700A594B9 /* InsightView.swift in Sources */,
				ECDDE56F29D69A7800A594B9 /* RegisterPage.swift in Sources */,
				ECDDE58029DED0F000A594B9 /* SwiftUIView.swift in Sources */,
				ECDDE57129D69BEE00A594B9 /* CalculatorView.swift in Sources */,
				EC98C74729E555D500548A68 /* TabView.swift in Sources */,
				EC41AC8F29E8F4D50037C8F2 /* CalendarView.swift in Sources */,
				EC98C74B29E6C0F600548A68 /* ProgressBarView.swift in Sources */,
				ECDDE55F29D6899000A594B9 /* ContentView.swift in Sources */,
				ECDDE56D29D68BA700A594B9 /* HistoryView.swift in Sources */,
				ECDDE55D29D6899000A594B9 /* StartwithSwiftUIApp.swift in Sources */,
				EC98C74929E56FAD00548A68 /* VideoPlayerCobaCoba.swift in Sources */,
				EC41AC8D29E8F4B70037C8F2 /* TabBarView.swift in Sources */,
				ECEBB15A29E797CA00C8C280 /* RoutineData.swift in Sources */,
				ECDDE58429E0374400A594B9 /* SwiftfulThinking.swift in Sources */,
				EC41AC9129E8F4DF0037C8F2 /* ProfileView.swift in Sources */,
				ECEBB15829E7974700C8C280 /* ArrayBootcamp.swift in Sources */,
				EC41AC8529E817120037C8F2 /* SurveyOneView.swift in Sources */,
				ECDDE57929DAE49000A594B9 /* DOBPicker.swift in Sources */,
				EC41AC8729E817780037C8F2 /* SurveyTwoView.swift in Sources */,
				ECEBB15C29E7A51600C8C280 /* DashBoardView.swift in Sources */,
				ECDDE57529D6ED8700A594B9 /* DropdownView.swift in Sources */,
				ECDDE57D29DAE96F00A594B9 /* ProgressBar.swift in Sources */,
				ECDDE57329D6BB7200A594B9 /* Test.swift in Sources */,
				ECDDE58229DEDCC300A594B9 /* VideoPlayerView.swift in Sources */,
				EC41AC8B29E817C00037C8F2 /* PlaterView.swift in Sources */,
				EC41AC8929E817A30037C8F2 /* SurveyThreeView.swift in Sources */,
			);
			runOnlyForDeploymentPostprocessing = 0;
		};
/* End PBXSourcesBuildPhase section */

/* Begin XCBuildConfiguration section */
		ECDDE56529D6899200A594B9 /* Debug */ = {
			isa = XCBuildConfiguration;
			buildSettings = {
				ALWAYS_SEARCH_USER_PATHS = NO;
				CLANG_ANALYZER_NONNULL = YES;
				CLANG_ANALYZER_NUMBER_OBJECT_CONVERSION = YES_AGGRESSIVE;
				CLANG_CXX_LANGUAGE_STANDARD = "gnu++20";
				CLANG_ENABLE_MODULES = YES;
				CLANG_ENABLE_OBJC_ARC = YES;
				CLANG_ENABLE_OBJC_WEAK = YES;
				CLANG_WARN_BLOCK_CAPTURE_AUTORELEASING = YES;
				CLANG_WARN_BOOL_CONVERSION = YES;
				CLANG_WARN_COMMA = YES;
				CLANG_WARN_CONSTANT_CONVERSION = YES;
				CLANG_WARN_DEPRECATED_OBJC_IMPLEMENTATIONS = YES;
				CLANG_WARN_DIRECT_OBJC_ISA_USAGE = YES_ERROR;
				CLANG_WARN_DOCUMENTATION_COMMENTS = YES;
				CLANG_WARN_EMPTY_BODY = YES;
				CLANG_WARN_ENUM_CONVERSION = YES;
				CLANG_WARN_INFINITE_RECURSION = YES;
				CLANG_WARN_INT_CONVERSION = YES;
				CLANG_WARN_NON_LITERAL_NULL_CONVERSION = YES;
				CLANG_WARN_OBJC_IMPLICIT_RETAIN_SELF = YES;
				CLANG_WARN_OBJC_LITERAL_CONVERSION = YES;
				CLANG_WARN_OBJC_ROOT_CLASS = YES_ERROR;
				CLANG_WARN_QUOTED_INCLUDE_IN_FRAMEWORK_HEADER = YES;
				CLANG_WARN_RANGE_LOOP_ANALYSIS = YES;
				CLANG_WARN_STRICT_PROTOTYPES = YES;
				CLANG_WARN_SUSPICIOUS_MOVE = YES;
				CLANG_WARN_UNGUARDED_AVAILABILITY = YES_AGGRESSIVE;
				CLANG_WARN_UNREACHABLE_CODE = YES;
				CLANG_WARN__DUPLICATE_METHOD_MATCH = YES;
				COPY_PHASE_STRIP = NO;
				DEBUG_INFORMATION_FORMAT = dwarf;
				ENABLE_STRICT_OBJC_MSGSEND = YES;
				ENABLE_TESTABILITY = YES;
				GCC_C_LANGUAGE_STANDARD = gnu11;
				GCC_DYNAMIC_NO_PIC = NO;
				GCC_NO_COMMON_BLOCKS = YES;
				GCC_OPTIMIZATION_LEVEL = 0;
				GCC_PREPROCESSOR_DEFINITIONS = (
					"DEBUG=1",
					"$(inherited)",
				);
				GCC_WARN_64_TO_32_BIT_CONVERSION = YES;
				GCC_WARN_ABOUT_RETURN_TYPE = YES_ERROR;
				GCC_WARN_UNDECLARED_SELECTOR = YES;
				GCC_WARN_UNINITIALIZED_AUTOS = YES_AGGRESSIVE;
				GCC_WARN_UNUSED_FUNCTION = YES;
				GCC_WARN_UNUSED_VARIABLE = YES;
				IPHONEOS_DEPLOYMENT_TARGET = 16.2;
				MTL_ENABLE_DEBUG_INFO = INCLUDE_SOURCE;
				MTL_FAST_MATH = YES;
				ONLY_ACTIVE_ARCH = YES;
				SDKROOT = iphoneos;
				SWIFT_ACTIVE_COMPILATION_CONDITIONS = DEBUG;
				SWIFT_OPTIMIZATION_LEVEL = "-Onone";
			};
			name = Debug;
		};
		ECDDE56629D6899200A594B9 /* Release */ = {
			isa = XCBuildConfiguration;
			buildSettings = {
				ALWAYS_SEARCH_USER_PATHS = NO;
				CLANG_ANALYZER_NONNULL = YES;
				CLANG_ANALYZER_NUMBER_OBJECT_CONVERSION = YES_AGGRESSIVE;
				CLANG_CXX_LANGUAGE_STANDARD = "gnu++20";
				CLANG_ENABLE_MODULES = YES;
				CLANG_ENABLE_OBJC_ARC = YES;
				CLANG_ENABLE_OBJC_WEAK = YES;
				CLANG_WARN_BLOCK_CAPTURE_AUTORELEASING = YES;
				CLANG_WARN_BOOL_CONVERSION = YES;
				CLANG_WARN_COMMA = YES;
				CLANG_WARN_CONSTANT_CONVERSION = YES;
				CLANG_WARN_DEPRECATED_OBJC_IMPLEMENTATIONS = YES;
				CLANG_WARN_DIRECT_OBJC_ISA_USAGE = YES_ERROR;
				CLANG_WARN_DOCUMENTATION_COMMENTS = YES;
				CLANG_WARN_EMPTY_BODY = YES;
				CLANG_WARN_ENUM_CONVERSION = YES;
				CLANG_WARN_INFINITE_RECURSION = YES;
				CLANG_WARN_INT_CONVERSION = YES;
				CLANG_WARN_NON_LITERAL_NULL_CONVERSION = YES;
				CLANG_WARN_OBJC_IMPLICIT_RETAIN_SELF = YES;
				CLANG_WARN_OBJC_LITERAL_CONVERSION = YES;
				CLANG_WARN_OBJC_ROOT_CLASS = YES_ERROR;
				CLANG_WARN_QUOTED_INCLUDE_IN_FRAMEWORK_HEADER = YES;
				CLANG_WARN_RANGE_LOOP_ANALYSIS = YES;
				CLANG_WARN_STRICT_PROTOTYPES = YES;
				CLANG_WARN_SUSPICIOUS_MOVE = YES;
				CLANG_WARN_UNGUARDED_AVAILABILITY = YES_AGGRESSIVE;
				CLANG_WARN_UNREACHABLE_CODE = YES;
				CLANG_WARN__DUPLICATE_METHOD_MATCH = YES;
				COPY_PHASE_STRIP = NO;
				DEBUG_INFORMATION_FORMAT = "dwarf-with-dsym";
				ENABLE_NS_ASSERTIONS = NO;
				ENABLE_STRICT_OBJC_MSGSEND = YES;
				GCC_C_LANGUAGE_STANDARD = gnu11;
				GCC_NO_COMMON_BLOCKS = YES;
				GCC_WARN_64_TO_32_BIT_CONVERSION = YES;
				GCC_WARN_ABOUT_RETURN_TYPE = YES_ERROR;
				GCC_WARN_UNDECLARED_SELECTOR = YES;
				GCC_WARN_UNINITIALIZED_AUTOS = YES_AGGRESSIVE;
				GCC_WARN_UNUSED_FUNCTION = YES;
				GCC_WARN_UNUSED_VARIABLE = YES;
				IPHONEOS_DEPLOYMENT_TARGET = 16.2;
				MTL_ENABLE_DEBUG_INFO = NO;
				MTL_FAST_MATH = YES;
				SDKROOT = iphoneos;
				SWIFT_COMPILATION_MODE = wholemodule;
				SWIFT_OPTIMIZATION_LEVEL = "-O";
				VALIDATE_PRODUCT = YES;
			};
			name = Release;
		};
		ECDDE56829D6899200A594B9 /* Debug */ = {
			isa = XCBuildConfiguration;
			buildSettings = {
				ASSETCATALOG_COMPILER_APPICON_NAME = AppIcon;
				ASSETCATALOG_COMPILER_GLOBAL_ACCENT_COLOR_NAME = AccentColor;
				CODE_SIGN_STYLE = Automatic;
				CURRENT_PROJECT_VERSION = 1;
				DEVELOPMENT_ASSET_PATHS = "\"StartwithSwiftUI/Preview Content\"";
				ENABLE_PREVIEWS = YES;
				GENERATE_INFOPLIST_FILE = YES;
				INFOPLIST_KEY_UIApplicationSceneManifest_Generation = YES;
				INFOPLIST_KEY_UIApplicationSupportsIndirectInputEvents = YES;
				INFOPLIST_KEY_UILaunchScreen_Generation = YES;
				INFOPLIST_KEY_UISupportedInterfaceOrientations_iPad = "UIInterfaceOrientationPortrait UIInterfaceOrientationPortraitUpsideDown UIInterfaceOrientationLandscapeLeft UIInterfaceOrientationLandscapeRight";
				INFOPLIST_KEY_UISupportedInterfaceOrientations_iPhone = "UIInterfaceOrientationPortrait UIInterfaceOrientationLandscapeLeft UIInterfaceOrientationLandscapeRight";
				LD_RUNPATH_SEARCH_PATHS = (
					"$(inherited)",
					"@executable_path/Frameworks",
				);
				MARKETING_VERSION = 1.0;
				PRODUCT_BUNDLE_IDENTIFIER = apple.foundation.StartwithSwiftUI;
				PRODUCT_NAME = "$(TARGET_NAME)";
				SWIFT_EMIT_LOC_STRINGS = YES;
				SWIFT_VERSION = 5.0;
				TARGETED_DEVICE_FAMILY = "1,2";
			};
			name = Debug;
		};
		ECDDE56929D6899200A594B9 /* Release */ = {
			isa = XCBuildConfiguration;
			buildSettings = {
				ASSETCATALOG_COMPILER_APPICON_NAME = AppIcon;
				ASSETCATALOG_COMPILER_GLOBAL_ACCENT_COLOR_NAME = AccentColor;
				CODE_SIGN_STYLE = Automatic;
				CURRENT_PROJECT_VERSION = 1;
				DEVELOPMENT_ASSET_PATHS = "\"StartwithSwiftUI/Preview Content\"";
				ENABLE_PREVIEWS = YES;
				GENERATE_INFOPLIST_FILE = YES;
				INFOPLIST_KEY_UIApplicationSceneManifest_Generation = YES;
				INFOPLIST_KEY_UIApplicationSupportsIndirectInputEvents = YES;
				INFOPLIST_KEY_UILaunchScreen_Generation = YES;
				INFOPLIST_KEY_UISupportedInterfaceOrientations_iPad = "UIInterfaceOrientationPortrait UIInterfaceOrientationPortraitUpsideDown UIInterfaceOrientationLandscapeLeft UIInterfaceOrientationLandscapeRight";
				INFOPLIST_KEY_UISupportedInterfaceOrientations_iPhone = "UIInterfaceOrientationPortrait UIInterfaceOrientationLandscapeLeft UIInterfaceOrientationLandscapeRight";
				LD_RUNPATH_SEARCH_PATHS = (
					"$(inherited)",
					"@executable_path/Frameworks",
				);
				MARKETING_VERSION = 1.0;
				PRODUCT_BUNDLE_IDENTIFIER = apple.foundation.StartwithSwiftUI;
				PRODUCT_NAME = "$(TARGET_NAME)";
				SWIFT_EMIT_LOC_STRINGS = YES;
				SWIFT_VERSION = 5.0;
				TARGETED_DEVICE_FAMILY = "1,2";
			};
			name = Release;
		};
/* End XCBuildConfiguration section */

/* Begin XCConfigurationList section */
		ECDDE55429D6899000A594B9 /* Build configuration list for PBXProject "StartwithSwiftUI" */ = {
			isa = XCConfigurationList;
			buildConfigurations = (
				ECDDE56529D6899200A594B9 /* Debug */,
				ECDDE56629D6899200A594B9 /* Release */,
			);
			defaultConfigurationIsVisible = 0;
			defaultConfigurationName = Release;
		};
		ECDDE56729D6899200A594B9 /* Build configuration list for PBXNativeTarget "StartwithSwiftUI" */ = {
			isa = XCConfigurationList;
			buildConfigurations = (
				ECDDE56829D6899200A594B9 /* Debug */,
				ECDDE56929D6899200A594B9 /* Release */,
			);
			defaultConfigurationIsVisible = 0;
			defaultConfigurationName = Release;
		};
/* End XCConfigurationList section */
	};
	rootObject = ECDDE55129D6899000A594B9 /* Project object */;
}
